// !$*UTF8*$!
{
	archiveVersion = 1;
	classes = {
	};
	objectVersion = 50;
	objects = {

/* Begin PBXBuildFile section */
		6DFDD2B623B3019D00E3E5E4 /* AppDelegate.swift in Sources */ = {isa = PBXBuildFile; fileRef = 6DFDD2B523B3019D00E3E5E4 /* AppDelegate.swift */; };
		6DFDD2B823B3019D00E3E5E4 /* SceneDelegate.swift in Sources */ = {isa = PBXBuildFile; fileRef = 6DFDD2B723B3019D00E3E5E4 /* SceneDelegate.swift */; };
		6DFDD2BA23B3019D00E3E5E4 /* ViewController.swift in Sources */ = {isa = PBXBuildFile; fileRef = 6DFDD2B923B3019D00E3E5E4 /* ViewController.swift */; };
		6DFDD2BD23B3019D00E3E5E4 /* Main.storyboard in Resources */ = {isa = PBXBuildFile; fileRef = 6DFDD2BB23B3019D00E3E5E4 /* Main.storyboard */; };
		6DFDD2BF23B301A000E3E5E4 /* Assets.xcassets in Resources */ = {isa = PBXBuildFile; fileRef = 6DFDD2BE23B301A000E3E5E4 /* Assets.xcassets */; };
		6DFDD2C223B301A000E3E5E4 /* LaunchScreen.storyboard in Resources */ = {isa = PBXBuildFile; fileRef = 6DFDD2C023B301A000E3E5E4 /* LaunchScreen.storyboard */; };
		6DFDD2CB23B3020100E3E5E4 /* DefaultDynamicTableView.swift in Sources */ = {isa = PBXBuildFile; fileRef = 6DFDD2C923B3020100E3E5E4 /* DefaultDynamicTableView.swift */; };
		6DFDD2CC23B3020100E3E5E4 /* DefaultDynamicTableView.xib in Resources */ = {isa = PBXBuildFile; fileRef = 6DFDD2CA23B3020100E3E5E4 /* DefaultDynamicTableView.xib */; };
		6DFDD2CE23B309C400E3E5E4 /* ProgrammingLanguage.swift in Sources */ = {isa = PBXBuildFile; fileRef = 6DFDD2CD23B309C400E3E5E4 /* ProgrammingLanguage.swift */; };
/* End PBXBuildFile section */

/* Begin PBXFileReference section */
		6DFDD2B223B3019D00E3E5E4 /* DynamicTableViewByCode.app */ = {isa = PBXFileReference; explicitFileType = wrapper.application; includeInIndex = 0; path = DynamicTableViewByCode.app; sourceTree = BUILT_PRODUCTS_DIR; };
		6DFDD2B523B3019D00E3E5E4 /* AppDelegate.swift */ = {isa = PBXFileReference; lastKnownFileType = sourcecode.swift; path = AppDelegate.swift; sourceTree = "<group>"; };
		6DFDD2B723B3019D00E3E5E4 /* SceneDelegate.swift */ = {isa = PBXFileReference; lastKnownFileType = sourcecode.swift; path = SceneDelegate.swift; sourceTree = "<group>"; };
		6DFDD2B923B3019D00E3E5E4 /* ViewController.swift */ = {isa = PBXFileReference; lastKnownFileType = sourcecode.swift; path = ViewController.swift; sourceTree = "<group>"; };
		6DFDD2BC23B3019D00E3E5E4 /* Base */ = {isa = PBXFileReference; lastKnownFileType = file.storyboard; name = Base; path = Base.lproj/Main.storyboard; sourceTree = "<group>"; };
		6DFDD2BE23B301A000E3E5E4 /* Assets.xcassets */ = {isa = PBXFileReference; lastKnownFileType = folder.assetcatalog; path = Assets.xcassets; sourceTree = "<group>"; };
		6DFDD2C123B301A000E3E5E4 /* Base */ = {isa = PBXFileReference; lastKnownFileType = file.storyboard; name = Base; path = Base.lproj/LaunchScreen.storyboard; sourceTree = "<group>"; };
		6DFDD2C323B301A000E3E5E4 /* Info.plist */ = {isa = PBXFileReference; lastKnownFileType = text.plist.xml; path = Info.plist; sourceTree = "<group>"; };
		6DFDD2C923B3020100E3E5E4 /* DefaultDynamicTableView.swift */ = {isa = PBXFileReference; lastKnownFileType = sourcecode.swift; path = DefaultDynamicTableView.swift; sourceTree = "<group>"; };
		6DFDD2CA23B3020100E3E5E4 /* DefaultDynamicTableView.xib */ = {isa = PBXFileReference; lastKnownFileType = file.xib; path = DefaultDynamicTableView.xib; sourceTree = "<group>"; };
		6DFDD2CD23B309C400E3E5E4 /* ProgrammingLanguage.swift */ = {isa = PBXFileReference; lastKnownFileType = sourcecode.swift; path = ProgrammingLanguage.swift; sourceTree = "<group>"; };
/* End PBXFileReference section */

/* Begin PBXFrameworksBuildPhase section */
		6DFDD2AF23B3019D00E3E5E4 /* Frameworks */ = {
			isa = PBXFrameworksBuildPhase;
			buildActionMask = 2147483647;
			files = (
			);
			runOnlyForDeploymentPostprocessing = 0;
		};
/* End PBXFrameworksBuildPhase section */

/* Begin PBXGroup section */
		6DFDD2A923B3019D00E3E5E4 = {
			isa = PBXGroup;
			children = (
				6DFDD2B423B3019D00E3E5E4 /* DynamicTableViewByCode */,
				6DFDD2B323B3019D00E3E5E4 /* Products */,
			);
			sourceTree = "<group>";
		};
		6DFDD2B323B3019D00E3E5E4 /* Products */ = {
			isa = PBXGroup;
			children = (
				6DFDD2B223B3019D00E3E5E4 /* DynamicTableViewByCode.app */,
			);
			name = Products;
			sourceTree = "<group>";
		};
		6DFDD2B423B3019D00E3E5E4 /* DynamicTableViewByCode */ = {
			isa = PBXGroup;
			children = (
				6DFDD2B523B3019D00E3E5E4 /* AppDelegate.swift */,
				6DFDD2B723B3019D00E3E5E4 /* SceneDelegate.swift */,
				6DFDD2B923B3019D00E3E5E4 /* ViewController.swift */,
				6DFDD2BB23B3019D00E3E5E4 /* Main.storyboard */,
				6DFDD2BE23B301A000E3E5E4 /* Assets.xcassets */,
				6DFDD2C023B301A000E3E5E4 /* LaunchScreen.storyboard */,
				6DFDD2C323B301A000E3E5E4 /* Info.plist */,
				6DFDD2C923B3020100E3E5E4 /* DefaultDynamicTableView.swift */,
				6DFDD2CA23B3020100E3E5E4 /* DefaultDynamicTableView.xib */,
				6DFDD2CD23B309C400E3E5E4 /* ProgrammingLanguage.swift */,
			);
			path = DynamicTableViewByCode;
			sourceTree = "<group>";
		};
/* End PBXGroup section */

/* Begin PBXNativeTarget section */
		6DFDD2B123B3019D00E3E5E4 /* DynamicTableViewByCode */ = {
			isa = PBXNativeTarget;
			buildConfigurationList = 6DFDD2C623B301A000E3E5E4 /* Build configuration list for PBXNativeTarget "DynamicTableViewByCode" */;
			buildPhases = (
				6DFDD2AE23B3019D00E3E5E4 /* Sources */,
				6DFDD2AF23B3019D00E3E5E4 /* Frameworks */,
				6DFDD2B023B3019D00E3E5E4 /* Resources */,
			);
			buildRules = (
			);
			dependencies = (
			);
			name = DynamicTableViewByCode;
			productName = DynamicTableViewByCode;
			productReference = 6DFDD2B223B3019D00E3E5E4 /* DynamicTableViewByCode.app */;
			productType = "com.apple.product-type.application";
		};
/* End PBXNativeTarget section */

/* Begin PBXProject section */
		6DFDD2AA23B3019D00E3E5E4 /* Project object */ = {
			isa = PBXProject;
			attributes = {
				LastSwiftUpdateCheck = 1130;
				LastUpgradeCheck = 1130;
				ORGANIZATIONNAME = "Hoang Tung";
				TargetAttributes = {
					6DFDD2B123B3019D00E3E5E4 = {
						CreatedOnToolsVersion = 11.3;
					};
				};
			};
			buildConfigurationList = 6DFDD2AD23B3019D00E3E5E4 /* Build configuration list for PBXProject "DynamicTableViewByCode" */;
			compatibilityVersion = "Xcode 9.3";
			developmentRegion = en;
			hasScannedForEncodings = 0;
			knownRegions = (
				en,
				Base,
			);
			mainGroup = 6DFDD2A923B3019D00E3E5E4;
			productRefGroup = 6DFDD2B323B3019D00E3E5E4 /* Products */;
			projectDirPath = "";
			projectRoot = "";
			targets = (
				6DFDD2B123B3019D00E3E5E4 /* DynamicTableViewByCode */,
			);
		};
/* End PBXProject section */

/* Begin PBXResourcesBuildPhase section */
		6DFDD2B023B3019D00E3E5E4 /* Resources */ = {
			isa = PBXResourcesBuildPhase;
			buildActionMask = 2147483647;
			files = (
				6DFDD2C223B301A000E3E5E4 /* LaunchScreen.storyboard in Resources */,
				6DFDD2CC23B3020100E3E5E4 /* DefaultDynamicTableView.xib in Resources */,
				6DFDD2BF23B301A000E3E5E4 /* Assets.xcassets in Resources */,
				6DFDD2BD23B3019D00E3E5E4 /* Main.storyboard in Resources */,
			);
			runOnlyForDeploymentPostprocessing = 0;
		};
/* End PBXResourcesBuildPhase section */

/* Begin PBXSourcesBuildPhase section */
		6DFDD2AE23B3019D00E3E5E4 /* Sources */ = {
			isa = PBXSourcesBuildPhase;
			buildActionMask = 2147483647;
			files = (
				6DFDD2BA23B3019D00E3E5E4 /* ViewController.swift in Sources */,
				6DFDD2CB23B3020100E3E5E4 /* DefaultDynamicTableView.swift in Sources */,
				6DFDD2CE23B309C400E3E5E4 /* ProgrammingLanguage.swift in Sources */,
				6DFDD2B623B3019D00E3E5E4 /* AppDelegate.swift in Sources */,
				6DFDD2B823B3019D00E3E5E4 /* SceneDelegate.swift in Sources */,
			);
			runOnlyForDeploymentPostprocessing = 0;
		};
/* End PBXSourcesBuildPhase section */

/* Begin PBXVariantGroup section */
		6DFDD2BB23B3019D00E3E5E4 /* Main.storyboard */ = {
			isa = PBXVariantGroup;
			children = (
				6DFDD2BC23B3019D00E3E5E4 /* Base */,
			);
			name = Main.storyboard;
			sourceTree = "<group>";
		};
		6DFDD2C023B301A000E3E5E4 /* LaunchScreen.storyboard */ = {
			isa = PBXVariantGroup;
			children = (
				6DFDD2C123B301A000E3E5E4 /* Base */,
			);
			name = LaunchScreen.storyboard;
			sourceTree = "<group>";
		};
/* End PBXVariantGroup section */

/* Begin XCBuildConfiguration section */
		6DFDD2C423B301A000E3E5E4 /* Debug */ = {
			isa = XCBuildConfiguration;
			buildSettings = {
				ALWAYS_SEARCH_USER_PATHS = NO;
				CLANG_ANALYZER_NONNULL = YES;
				CLANG_ANALYZER_NUMBER_OBJECT_CONVERSION = YES_AGGRESSIVE;
				CLANG_CXX_LANGUAGE_STANDARD = "gnu++14";
				CLANG_CXX_LIBRARY = "libc++";
				CLANG_ENABLE_MODULES = YES;
				CLANG_ENABLE_OBJC_ARC = YES;
				CLANG_ENABLE_OBJC_WEAK = YES;
				CLANG_WARN_BLOCK_CAPTURE_AUTORELEASING = YES;
				CLANG_WARN_BOOL_CONVERSION = YES;
				CLANG_WARN_COMMA = YES;
				CLANG_WARN_CONSTANT_CONVERSION = YES;
				CLANG_WARN_DEPRECATED_OBJC_IMPLEMENTATIONS = YES;
				CLANG_WARN_DIRECT_OBJC_ISA_USAGE = YES_ERROR;
				CLANG_WARN_DOCUMENTATION_COMMENTS = YES;
				CLANG_WARN_EMPTY_BODY = YES;
				CLANG_WARN_ENUM_CONVERSION = YES;
				CLANG_WARN_INFINITE_RECURSION = YES;
				CLANG_WARN_INT_CONVERSION = YES;
				CLANG_WARN_NON_LITERAL_NULL_CONVERSION = YES;
				CLANG_WARN_OBJC_IMPLICIT_RETAIN_SELF = YES;
				CLANG_WARN_OBJC_LITERAL_CONVERSION = YES;
				CLANG_WARN_OBJC_ROOT_CLASS = YES_ERROR;
				CLANG_WARN_RANGE_LOOP_ANALYSIS = YES;
				CLANG_WARN_STRICT_PROTOTYPES = YES;
				CLANG_WARN_SUSPICIOUS_MOVE = YES;
				CLANG_WARN_UNGUARDED_AVAILABILITY = YES_AGGRESSIVE;
				CLANG_WARN_UNREACHABLE_CODE = YES;
				CLANG_WARN__DUPLICATE_METHOD_MATCH = YES;
				COPY_PHASE_STRIP = NO;
				DEBUG_INFORMATION_FORMAT = dwarf;
				ENABLE_STRICT_OBJC_MSGSEND = YES;
				ENABLE_TESTABILITY = YES;
				GCC_C_LANGUAGE_STANDARD = gnu11;
				GCC_DYNAMIC_NO_PIC = NO;
				GCC_NO_COMMON_BLOCKS = YES;
				GCC_OPTIMIZATION_LEVEL = 0;
				GCC_PREPROCESSOR_DEFINITIONS = (
					"DEBUG=1",
					"$(inherited)",
				);
				GCC_WARN_64_TO_32_BIT_CONVERSION = YES;
				GCC_WARN_ABOUT_RETURN_TYPE = YES_ERROR;
				GCC_WARN_UNDECLARED_SELECTOR = YES;
				GCC_WARN_UNINITIALIZED_AUTOS = YES_AGGRESSIVE;
				GCC_WARN_UNUSED_FUNCTION = YES;
				GCC_WARN_UNUSED_VARIABLE = YES;
				IPHONEOS_DEPLOYMENT_TARGET = 13.2;
				MTL_ENABLE_DEBUG_INFO = INCLUDE_SOURCE;
				MTL_FAST_MATH = YES;
				ONLY_ACTIVE_ARCH = YES;
				SDKROOT = iphoneos;
				SWIFT_ACTIVE_COMPILATION_CONDITIONS = DEBUG;
				SWIFT_OPTIMIZATION_LEVEL = "-Onone";
			};
			name = Debug;
		};
		6DFDD2C523B301A000E3E5E4 /* Release */ = {
			isa = XCBuildConfiguration;
			buildSettings = {
				ALWAYS_SEARCH_USER_PATHS = NO;
				CLANG_ANALYZER_NONNULL = YES;
				CLANG_ANALYZER_NUMBER_OBJECT_CONVERSION = YES_AGGRESSIVE;
				CLANG_CXX_LANGUAGE_STANDARD = "gnu++14";
				CLANG_CXX_LIBRARY = "libc++";
				CLANG_ENABLE_MODULES = YES;
				CLANG_ENABLE_OBJC_ARC = YES;
				CLANG_ENABLE_OBJC_WEAK = YES;
				CLANG_WARN_BLOCK_CAPTURE_AUTORELEASING = YES;
				CLANG_WARN_BOOL_CONVERSION = YES;
				CLANG_WARN_COMMA = YES;
				CLANG_WARN_CONSTANT_CONVERSION = YES;
				CLANG_WARN_DEPRECATED_OBJC_IMPLEMENTATIONS = YES;
				CLANG_WARN_DIRECT_OBJC_ISA_USAGE = YES_ERROR;
				CLANG_WARN_DOCUMENTATION_COMMENTS = YES;
				CLANG_WARN_EMPTY_BODY = YES;
				CLANG_WARN_ENUM_CONVERSION = YES;
				CLANG_WARN_INFINITE_RECURSION = YES;
				CLANG_WARN_INT_CONVERSION = YES;
				CLANG_WARN_NON_LITERAL_NULL_CONVERSION = YES;
				CLANG_WARN_OBJC_IMPLICIT_RETAIN_SELF = YES;
				CLANG_WARN_OBJC_LITERAL_CONVERSION = YES;
				CLANG_WARN_OBJC_ROOT_CLASS = YES_ERROR;
				CLANG_WARN_RANGE_LOOP_ANALYSIS = YES;
				CLANG_WARN_STRICT_PROTOTYPES = YES;
				CLANG_WARN_SUSPICIOUS_MOVE = YES;
				CLANG_WARN_UNGUARDED_AVAILABILITY = YES_AGGRESSIVE;
				CLANG_WARN_UNREACHABLE_CODE = YES;
				CLANG_WARN__DUPLICATE_METHOD_MATCH = YES;
				COPY_PHASE_STRIP = NO;
				DEBUG_INFORMATION_FORMAT = "dwarf-with-dsym";
				ENABLE_NS_ASSERTIONS = NO;
				ENABLE_STRICT_OBJC_MSGSEND = YES;
				GCC_C_LANGUAGE_STANDARD = gnu11;
				GCC_NO_COMMON_BLOCKS = YES;
				GCC_WARN_64_TO_32_BIT_CONVERSION = YES;
				GCC_WARN_ABOUT_RETURN_TYPE = YES_ERROR;
				GCC_WARN_UNDECLARED_SELECTOR = YES;
				GCC_WARN_UNINITIALIZED_AUTOS = YES_AGGRESSIVE;
				GCC_WARN_UNUSED_FUNCTION = YES;
				GCC_WARN_UNUSED_VARIABLE = YES;
				IPHONEOS_DEPLOYMENT_TARGET = 13.2;
				MTL_ENABLE_DEBUG_INFO = NO;
				MTL_FAST_MATH = YES;
				SDKROOT = iphoneos;
				SWIFT_COMPILATION_MODE = wholemodule;
				SWIFT_OPTIMIZATION_LEVEL = "-O";
				VALIDATE_PRODUCT = YES;
			};
			name = Release;
		};
		6DFDD2C723B301A000E3E5E4 /* Debug */ = {
			isa = XCBuildConfiguration;
			buildSettings = {
				ASSETCATALOG_COMPILER_APPICON_NAME = AppIcon;
				CODE_SIGN_STYLE = Automatic;
				DEVELOPMENT_TEAM = 448WS6UWDS;
				INFOPLIST_FILE = DynamicTableViewByCode/Info.plist;
				LD_RUNPATH_SEARCH_PATHS = (
					"$(inherited)",
					"@executable_path/Frameworks",
				);
				PRODUCT_BUNDLE_IDENTIFIER = tung.DynamicTableViewByCode;
				PRODUCT_NAME = "$(TARGET_NAME)";
				SWIFT_VERSION = 5.0;
				TARGETED_DEVICE_FAMILY = "1,2";
			};
			name = Debug;
		};
		6DFDD2C823B301A000E3E5E4 /* Release */ = {
			isa = XCBuildConfiguration;
			buildSettings = {
				ASSETCATALOG_COMPILER_APPICON_NAME = AppIcon;
				CODE_SIGN_STYLE = Automatic;
				DEVELOPMENT_TEAM = 448WS6UWDS;
				INFOPLIST_FILE = DynamicTableViewByCode/Info.plist;
				LD_RUNPATH_SEARCH_PATHS = (
					"$(inherited)",
					"@executable_path/Frameworks",
				);
				PRODUCT_BUNDLE_IDENTIFIER = tung.DynamicTableViewByCode;
				PRODUCT_NAME = "$(TARGET_NAME)";
				SWIFT_VERSION = 5.0;
				TARGETED_DEVICE_FAMILY = "1,2";
			};
			name = Release;
		};
/* End XCBuildConfiguration section */

/* Begin XCConfigurationList section */
		6DFDD2AD23B3019D00E3E5E4 /* Build configuration list for PBXProject "DynamicTableViewByCode" */ = {
			isa = XCConfigurationList;
			buildConfigurations = (
				6DFDD2C423B301A000E3E5E4 /* Debug */,
				6DFDD2C523B301A000E3E5E4 /* Release */,
			);
			defaultConfigurationIsVisible = 0;
			defaultConfigurationName = Release;
		};
		6DFDD2C623B301A000E3E5E4 /* Build configuration list for PBXNativeTarget "DynamicTableViewByCode" */ = {
			isa = XCConfigurationList;
			buildConfigurations = (
				6DFDD2C723B301A000E3E5E4 /* Debug */,
				6DFDD2C823B301A000E3E5E4 /* Release */,
			);
			defaultConfigurationIsVisible = 0;
			defaultConfigurationName = Release;
		};
/* End XCConfigurationList section */
	};
	rootObject = 6DFDD2AA23B3019D00E3E5E4 /* Project object */;
}
